
Microsoft Visual Studio Solution File, Format Version 12.00
# Visual Studio Version 16
VisualStudioVersion = 16.0.30711.63
MinimumVisualStudioVersion = 10.0.40219.1
Project("{FAE04EC0-301F-11D3-BF4B-00C04F79EFBC}") = "TestDocker3", "TestDocker3.csproj", "{9C4AAFB7-5A15-4C50-9BC8-156E61ABF006}"
EndProject
Global
	GlobalSection(SolutionConfigurationPlatforms) = preSolution
		Debug|Any CPU = Debug|Any CPU
		Release|Any CPU = Release|Any CPU
	EndGlobalSection
	GlobalSection(ProjectConfigurationPlatforms) = postSolution
		{9C4AAFB7-5A15-4C50-9BC8-156E61ABF006}.Debug|Any CPU.ActiveCfg = Debug|Any CPU
		{9C4AAFB7-5A15-4C50-9BC8-156E61ABF006}.Debug|Any CPU.Build.0 = Debug|Any CPU
		{9C4AAFB7-5A15-4C50-9BC8-156E61ABF006}.Release|Any CPU.ActiveCfg = Release|Any CPU
		{9C4AAFB7-5A15-4C50-9BC8-156E61ABF006}.Release|Any CPU.Build.0 = Release|Any CPU
	EndGlobalSection
	GlobalSection(SolutionProperties) = preSolution
		HideSolutionNode = FALSE
	EndGlobalSection
	GlobalSection(ExtensibilityGlobals) = postSolution
		SolutionGuid = {1A84AD26-8D70-48A1-94A6-3650270E1546}
	EndGlobalSection
EndGlobal
